// !$*UTF8*$!
{
	archiveVersion = 1;
	classes = {
	};
	objectVersion = 56;
	objects = {

/* Begin PBXBuildFile section */
		929B3A7829ABCCB400FDDA43 /* catch_amalgamated.cpp in Sources */ = {isa = PBXBuildFile; fileRef = 929EF41729AB9F9B00B46EE7 /* catch_amalgamated.cpp */; };
		929EF41329AB9D0000B46EE7 /* Lattice.cpp in Sources */ = {isa = PBXBuildFile; fileRef = 929EF41129AB9D0000B46EE7 /* Lattice.cpp */; };
		929EF41529AB9EBF00B46EE7 /* IsingSimulation.cpp in Sources */ = {isa = PBXBuildFile; fileRef = 929EF41429AB9EBF00B46EE7 /* IsingSimulation.cpp */; };
		929EF41C29ABCAD200B46EE7 /* Lattice.cpp in Sources */ = {isa = PBXBuildFile; fileRef = 929EF41129AB9D0000B46EE7 /* Lattice.cpp */; };
		929EF42429ABCAFD00B46EE7 /* Lattice_test.cpp in Sources */ = {isa = PBXBuildFile; fileRef = 929EF42329ABCAFD00B46EE7 /* Lattice_test.cpp */; };
/* End PBXBuildFile section */

/* Begin PBXCopyFilesBuildPhase section */
		920F0DC8299E1D0B00B70299 /* CopyFiles */ = {
			isa = PBXCopyFilesBuildPhase;
			buildActionMask = 2147483647;
			dstPath = /usr/share/man/man1/;
			dstSubfolderSpec = 0;
			files = (
			);
			runOnlyForDeploymentPostprocessing = 1;
		};
		929EF41E29ABCAD200B46EE7 /* CopyFiles */ = {
			isa = PBXCopyFilesBuildPhase;
			buildActionMask = 2147483647;
			dstPath = /usr/share/man/man1/;
			dstSubfolderSpec = 0;
			files = (
			);
			runOnlyForDeploymentPostprocessing = 1;
		};
/* End PBXCopyFilesBuildPhase section */

/* Begin PBXFileReference section */
		920F0DCA299E1D0B00B70299 /* SJTU CP2022-23 */ = {isa = PBXFileReference; explicitFileType = "compiled.mach-o.executable"; includeInIndex = 0; path = "SJTU CP2022-23"; sourceTree = BUILT_PRODUCTS_DIR; };
		92936B0E299F20DC0086B024 /* CP2022-23.1.cpp */ = {isa = PBXFileReference; fileEncoding = 4; lastKnownFileType = sourcecode.cpp.cpp; name = "CP2022-23.1.cpp"; path = "SJTU CP2022-23/archive/CP2022-23.1.cpp"; sourceTree = SOURCE_ROOT; };
		929EF41129AB9D0000B46EE7 /* Lattice.cpp */ = {isa = PBXFileReference; lastKnownFileType = sourcecode.cpp.cpp; path = Lattice.cpp; sourceTree = "<group>"; };
		929EF41229AB9D0000B46EE7 /* Lattice.hpp */ = {isa = PBXFileReference; lastKnownFileType = sourcecode.cpp.h; path = Lattice.hpp; sourceTree = "<group>"; };
		929EF41429AB9EBF00B46EE7 /* IsingSimulation.cpp */ = {isa = PBXFileReference; lastKnownFileType = sourcecode.cpp.cpp; path = IsingSimulation.cpp; sourceTree = "<group>"; };
		929EF41729AB9F9B00B46EE7 /* catch_amalgamated.cpp */ = {isa = PBXFileReference; lastKnownFileType = sourcecode.cpp.cpp; path = catch_amalgamated.cpp; sourceTree = "<group>"; };
		929EF41829AB9F9B00B46EE7 /* catch_amalgamated.hpp */ = {isa = PBXFileReference; lastKnownFileType = sourcecode.cpp.h; path = catch_amalgamated.hpp; sourceTree = "<group>"; };
		929EF42229ABCAD200B46EE7 /* test SJTU CP2022-23 */ = {isa = PBXFileReference; explicitFileType = "compiled.mach-o.executable"; includeInIndex = 0; path = "test SJTU CP2022-23"; sourceTree = BUILT_PRODUCTS_DIR; };
		929EF42329ABCAFD00B46EE7 /* Lattice_test.cpp */ = {isa = PBXFileReference; fileEncoding = 4; lastKnownFileType = sourcecode.cpp.cpp; path = Lattice_test.cpp; sourceTree = "<group>"; };
		92A97C1229A3A0210052DA47 /* CP2022-23_v0220b.cpp */ = {isa = PBXFileReference; lastKnownFileType = sourcecode.cpp.cpp; path = "CP2022-23_v0220b.cpp"; sourceTree = "<group>"; };
		92D65F1E29A13CBD001D526B /* CP2022-23_v0220a.cpp */ = {isa = PBXFileReference; fileEncoding = 4; lastKnownFileType = sourcecode.cpp.cpp; path = "CP2022-23_v0220a.cpp"; sourceTree = "<group>"; };
/* End PBXFileReference section */

/* Begin PBXFrameworksBuildPhase section */
		920F0DC7299E1D0B00B70299 /* Frameworks */ = {
			isa = PBXFrameworksBuildPhase;
			buildActionMask = 2147483647;
			files = (
			);
			runOnlyForDeploymentPostprocessing = 0;
		};
		929EF41D29ABCAD200B46EE7 /* Frameworks */ = {
			isa = PBXFrameworksBuildPhase;
			buildActionMask = 2147483647;
			files = (
			);
			runOnlyForDeploymentPostprocessing = 0;
		};
/* End PBXFrameworksBuildPhase section */

/* Begin PBXGroup section */
		920F0DC1299E1D0B00B70299 = {
			isa = PBXGroup;
			children = (
				920F0DCC299E1D0B00B70299 /* SJTU CP2022-23 */,
				920F0DCB299E1D0B00B70299 /* Products */,
			);
			sourceTree = "<group>";
		};
		920F0DCB299E1D0B00B70299 /* Products */ = {
			isa = PBXGroup;
			children = (
				920F0DCA299E1D0B00B70299 /* SJTU CP2022-23 */,
				929EF42229ABCAD200B46EE7 /* test SJTU CP2022-23 */,
			);
			name = Products;
			sourceTree = "<group>";
		};
		920F0DCC299E1D0B00B70299 /* SJTU CP2022-23 */ = {
			isa = PBXGroup;
			children = (
				9273A75229AC3ADF000CEDB3 /* UnitTests */,
				92A97C1629A45F030052DA47 /* archive */,
				929EF41429AB9EBF00B46EE7 /* IsingSimulation.cpp */,
				929EF41129AB9D0000B46EE7 /* Lattice.cpp */,
				929EF41229AB9D0000B46EE7 /* Lattice.hpp */,
			);
			path = "SJTU CP2022-23";
			sourceTree = "<group>";
		};
		9273A75229AC3ADF000CEDB3 /* UnitTests */ = {
			isa = PBXGroup;
			children = (
				929EF41629AB9F7A00B46EE7 /* catch2 */,
				929EF42329ABCAFD00B46EE7 /* Lattice_test.cpp */,
			);
			path = UnitTests;
			sourceTree = "<group>";
		};
		929EF41629AB9F7A00B46EE7 /* catch2 */ = {
			isa = PBXGroup;
			children = (
				929EF41729AB9F9B00B46EE7 /* catch_amalgamated.cpp */,
				929EF41829AB9F9B00B46EE7 /* catch_amalgamated.hpp */,
			);
			path = catch2;
			sourceTree = "<group>";
		};
		92A97C1629A45F030052DA47 /* archive */ = {
			isa = PBXGroup;
			children = (
				92D65F1E29A13CBD001D526B /* CP2022-23_v0220a.cpp */,
				92936B0E299F20DC0086B024 /* CP2022-23.1.cpp */,
				92A97C1229A3A0210052DA47 /* CP2022-23_v0220b.cpp */,
			);
			path = archive;
			sourceTree = "<group>";
		};
/* End PBXGroup section */

/* Begin PBXNativeTarget section */
		920F0DC9299E1D0B00B70299 /* SJTU CP2022-23 */ = {
			isa = PBXNativeTarget;
			buildConfigurationList = 920F0DD1299E1D0B00B70299 /* Build configuration list for PBXNativeTarget "SJTU CP2022-23" */;
			buildPhases = (
				920F0DC6299E1D0B00B70299 /* Sources */,
				920F0DC7299E1D0B00B70299 /* Frameworks */,
				920F0DC8299E1D0B00B70299 /* CopyFiles */,
			);
			buildRules = (
			);
			dependencies = (
			);
			name = "SJTU CP2022-23";
			productName = "SJTU CP2022-23";
			productReference = 920F0DCA299E1D0B00B70299 /* SJTU CP2022-23 */;
			productType = "com.apple.product-type.tool";
		};
		929EF41929ABCAD200B46EE7 /* test SJTU CP2022-23 */ = {
			isa = PBXNativeTarget;
			buildConfigurationList = 929EF41F29ABCAD200B46EE7 /* Build configuration list for PBXNativeTarget "test SJTU CP2022-23" */;
			buildPhases = (
				929EF41A29ABCAD200B46EE7 /* Sources */,
				929EF41D29ABCAD200B46EE7 /* Frameworks */,
				929EF41E29ABCAD200B46EE7 /* CopyFiles */,
			);
			buildRules = (
			);
			dependencies = (
			);
			name = "test SJTU CP2022-23";
			productName = "SJTU CP2022-23";
			productReference = 929EF42229ABCAD200B46EE7 /* test SJTU CP2022-23 */;
			productType = "com.apple.product-type.tool";
		};
/* End PBXNativeTarget section */

/* Begin PBXProject section */
		920F0DC2299E1D0B00B70299 /* Project object */ = {
			isa = PBXProject;
			attributes = {
				BuildIndependentTargetsInParallel = 1;
				LastUpgradeCheck = 1420;
				TargetAttributes = {
					920F0DC9299E1D0B00B70299 = {
						CreatedOnToolsVersion = 14.2;
					};
				};
			};
			buildConfigurationList = 920F0DC5299E1D0B00B70299 /* Build configuration list for PBXProject "SJTU CP2022-23" */;
			compatibilityVersion = "Xcode 14.0";
			developmentRegion = en;
			hasScannedForEncodings = 0;
			knownRegions = (
				en,
				Base,
			);
			mainGroup = 920F0DC1299E1D0B00B70299;
			productRefGroup = 920F0DCB299E1D0B00B70299 /* Products */;
			projectDirPath = "";
			projectRoot = "";
			targets = (
				920F0DC9299E1D0B00B70299 /* SJTU CP2022-23 */,
				929EF41929ABCAD200B46EE7 /* test SJTU CP2022-23 */,
			);
		};
/* End PBXProject section */

/* Begin PBXSourcesBuildPhase section */
		920F0DC6299E1D0B00B70299 /* Sources */ = {
			isa = PBXSourcesBuildPhase;
			buildActionMask = 2147483647;
			files = (
				929EF41529AB9EBF00B46EE7 /* IsingSimulation.cpp in Sources */,
				929EF41329AB9D0000B46EE7 /* Lattice.cpp in Sources */,
			);
			runOnlyForDeploymentPostprocessing = 0;
		};
		929EF41A29ABCAD200B46EE7 /* Sources */ = {
			isa = PBXSourcesBuildPhase;
			buildActionMask = 2147483647;
			files = (
				929EF41C29ABCAD200B46EE7 /* Lattice.cpp in Sources */,
				929B3A7829ABCCB400FDDA43 /* catch_amalgamated.cpp in Sources */,
				929EF42429ABCAFD00B46EE7 /* Lattice_test.cpp in Sources */,
			);
			runOnlyForDeploymentPostprocessing = 0;
		};
/* End PBXSourcesBuildPhase section */

/* Begin XCBuildConfiguration section */
		920F0DCF299E1D0B00B70299 /* Debug */ = {
			isa = XCBuildConfiguration;
			buildSettings = {
				ALWAYS_SEARCH_USER_PATHS = NO;
				CLANG_ANALYZER_NONNULL = YES;
				CLANG_ANALYZER_NUMBER_OBJECT_CONVERSION = YES_AGGRESSIVE;
				CLANG_CXX_LANGUAGE_STANDARD = "gnu++20";
				CLANG_ENABLE_MODULES = YES;
				CLANG_ENABLE_OBJC_ARC = YES;
				CLANG_ENABLE_OBJC_WEAK = YES;
				CLANG_WARN_BLOCK_CAPTURE_AUTORELEASING = YES;
				CLANG_WARN_BOOL_CONVERSION = YES;
				CLANG_WARN_COMMA = YES;
				CLANG_WARN_CONSTANT_CONVERSION = YES;
				CLANG_WARN_DEPRECATED_OBJC_IMPLEMENTATIONS = YES;
				CLANG_WARN_DIRECT_OBJC_ISA_USAGE = YES_ERROR;
				CLANG_WARN_DOCUMENTATION_COMMENTS = YES;
				CLANG_WARN_EMPTY_BODY = YES;
				CLANG_WARN_ENUM_CONVERSION = YES;
				CLANG_WARN_INFINITE_RECURSION = YES;
				CLANG_WARN_INT_CONVERSION = YES;
				CLANG_WARN_NON_LITERAL_NULL_CONVERSION = YES;
				CLANG_WARN_OBJC_IMPLICIT_RETAIN_SELF = YES;
				CLANG_WARN_OBJC_LITERAL_CONVERSION = YES;
				CLANG_WARN_OBJC_ROOT_CLASS = YES_ERROR;
				CLANG_WARN_QUOTED_INCLUDE_IN_FRAMEWORK_HEADER = YES;
				CLANG_WARN_RANGE_LOOP_ANALYSIS = YES;
				CLANG_WARN_STRICT_PROTOTYPES = YES;
				CLANG_WARN_SUSPICIOUS_MOVE = YES;
				CLANG_WARN_UNGUARDED_AVAILABILITY = YES_AGGRESSIVE;
				CLANG_WARN_UNREACHABLE_CODE = YES;
				CLANG_WARN__DUPLICATE_METHOD_MATCH = YES;
				COPY_PHASE_STRIP = NO;
				DEBUG_INFORMATION_FORMAT = dwarf;
				ENABLE_STRICT_OBJC_MSGSEND = YES;
				ENABLE_TESTABILITY = YES;
				GCC_C_LANGUAGE_STANDARD = gnu11;
				GCC_DYNAMIC_NO_PIC = NO;
				GCC_NO_COMMON_BLOCKS = YES;
				GCC_OPTIMIZATION_LEVEL = 0;
				GCC_PREPROCESSOR_DEFINITIONS = (
					"DEBUG=1",
					"$(inherited)",
				);
				GCC_WARN_64_TO_32_BIT_CONVERSION = YES;
				GCC_WARN_ABOUT_RETURN_TYPE = YES_ERROR;
				GCC_WARN_UNDECLARED_SELECTOR = YES;
				GCC_WARN_UNINITIALIZED_AUTOS = YES_AGGRESSIVE;
				GCC_WARN_UNUSED_FUNCTION = YES;
				GCC_WARN_UNUSED_VARIABLE = YES;
				MACOSX_DEPLOYMENT_TARGET = 13.1;
				MTL_ENABLE_DEBUG_INFO = INCLUDE_SOURCE;
				MTL_FAST_MATH = YES;
				ONLY_ACTIVE_ARCH = YES;
				SDKROOT = macosx;
			};
			name = Debug;
		};
		920F0DD0299E1D0B00B70299 /* Release */ = {
			isa = XCBuildConfiguration;
			buildSettings = {
				ALWAYS_SEARCH_USER_PATHS = NO;
				CLANG_ANALYZER_NONNULL = YES;
				CLANG_ANALYZER_NUMBER_OBJECT_CONVERSION = YES_AGGRESSIVE;
				CLANG_CXX_LANGUAGE_STANDARD = "gnu++20";
				CLANG_ENABLE_MODULES = YES;
				CLANG_ENABLE_OBJC_ARC = YES;
				CLANG_ENABLE_OBJC_WEAK = YES;
				CLANG_WARN_BLOCK_CAPTURE_AUTORELEASING = YES;
				CLANG_WARN_BOOL_CONVERSION = YES;
				CLANG_WARN_COMMA = YES;
				CLANG_WARN_CONSTANT_CONVERSION = YES;
				CLANG_WARN_DEPRECATED_OBJC_IMPLEMENTATIONS = YES;
				CLANG_WARN_DIRECT_OBJC_ISA_USAGE = YES_ERROR;
				CLANG_WARN_DOCUMENTATION_COMMENTS = YES;
				CLANG_WARN_EMPTY_BODY = YES;
				CLANG_WARN_ENUM_CONVERSION = YES;
				CLANG_WARN_INFINITE_RECURSION = YES;
				CLANG_WARN_INT_CONVERSION = YES;
				CLANG_WARN_NON_LITERAL_NULL_CONVERSION = YES;
				CLANG_WARN_OBJC_IMPLICIT_RETAIN_SELF = YES;
				CLANG_WARN_OBJC_LITERAL_CONVERSION = YES;
				CLANG_WARN_OBJC_ROOT_CLASS = YES_ERROR;
				CLANG_WARN_QUOTED_INCLUDE_IN_FRAMEWORK_HEADER = YES;
				CLANG_WARN_RANGE_LOOP_ANALYSIS = YES;
				CLANG_WARN_STRICT_PROTOTYPES = YES;
				CLANG_WARN_SUSPICIOUS_MOVE = YES;
				CLANG_WARN_UNGUARDED_AVAILABILITY = YES_AGGRESSIVE;
				CLANG_WARN_UNREACHABLE_CODE = YES;
				CLANG_WARN__DUPLICATE_METHOD_MATCH = YES;
				COPY_PHASE_STRIP = NO;
				DEBUG_INFORMATION_FORMAT = "dwarf-with-dsym";
				ENABLE_NS_ASSERTIONS = NO;
				ENABLE_STRICT_OBJC_MSGSEND = YES;
				GCC_C_LANGUAGE_STANDARD = gnu11;
				GCC_NO_COMMON_BLOCKS = YES;
				GCC_WARN_64_TO_32_BIT_CONVERSION = YES;
				GCC_WARN_ABOUT_RETURN_TYPE = YES_ERROR;
				GCC_WARN_UNDECLARED_SELECTOR = YES;
				GCC_WARN_UNINITIALIZED_AUTOS = YES_AGGRESSIVE;
				GCC_WARN_UNUSED_FUNCTION = YES;
				GCC_WARN_UNUSED_VARIABLE = YES;
				MACOSX_DEPLOYMENT_TARGET = 13.1;
				MTL_ENABLE_DEBUG_INFO = NO;
				MTL_FAST_MATH = YES;
				SDKROOT = macosx;
			};
			name = Release;
		};
		920F0DD2299E1D0B00B70299 /* Debug */ = {
			isa = XCBuildConfiguration;
			buildSettings = {
				CODE_SIGN_STYLE = Automatic;
				DEVELOPMENT_TEAM = 9BKWCZ6AMQ;
				ENABLE_HARDENED_RUNTIME = YES;
				PRODUCT_NAME = "$(TARGET_NAME)";
			};
			name = Debug;
		};
		920F0DD3299E1D0B00B70299 /* Release */ = {
			isa = XCBuildConfiguration;
			buildSettings = {
				CODE_SIGN_STYLE = Automatic;
				DEVELOPMENT_TEAM = 9BKWCZ6AMQ;
				ENABLE_HARDENED_RUNTIME = YES;
				PRODUCT_NAME = "$(TARGET_NAME)";
			};
			name = Release;
		};
		929EF42029ABCAD200B46EE7 /* Debug */ = {
			isa = XCBuildConfiguration;
			buildSettings = {
				CODE_SIGN_STYLE = Automatic;
				DEVELOPMENT_TEAM = 9BKWCZ6AMQ;
				ENABLE_HARDENED_RUNTIME = YES;
				PRODUCT_NAME = "$(TARGET_NAME)";
			};
			name = Debug;
		};
		929EF42129ABCAD200B46EE7 /* Release */ = {
			isa = XCBuildConfiguration;
			buildSettings = {
				CODE_SIGN_STYLE = Automatic;
				DEVELOPMENT_TEAM = 9BKWCZ6AMQ;
				ENABLE_HARDENED_RUNTIME = YES;
				PRODUCT_NAME = "$(TARGET_NAME)";
			};
			name = Release;
		};
/* End XCBuildConfiguration section */

/* Begin XCConfigurationList section */
		920F0DC5299E1D0B00B70299 /* Build configuration list for PBXProject "SJTU CP2022-23" */ = {
			isa = XCConfigurationList;
			buildConfigurations = (
				920F0DCF299E1D0B00B70299 /* Debug */,
				920F0DD0299E1D0B00B70299 /* Release */,
			);
			defaultConfigurationIsVisible = 0;
			defaultConfigurationName = Release;
		};
		920F0DD1299E1D0B00B70299 /* Build configuration list for PBXNativeTarget "SJTU CP2022-23" */ = {
			isa = XCConfigurationList;
			buildConfigurations = (
				920F0DD2299E1D0B00B70299 /* Debug */,
				920F0DD3299E1D0B00B70299 /* Release */,
			);
			defaultConfigurationIsVisible = 0;
			defaultConfigurationName = Release;
		};
		929EF41F29ABCAD200B46EE7 /* Build configuration list for PBXNativeTarget "test SJTU CP2022-23" */ = {
			isa = XCConfigurationList;
			buildConfigurations = (
				929EF42029ABCAD200B46EE7 /* Debug */,
				929EF42129ABCAD200B46EE7 /* Release */,
			);
			defaultConfigurationIsVisible = 0;
			defaultConfigurationName = Release;
		};
/* End XCConfigurationList section */
	};
	rootObject = 920F0DC2299E1D0B00B70299 /* Project object */;
}
